
Microsoft Visual Studio Solution File, Format Version 12.00
# Visual Studio Version 17
VisualStudioVersion = 17.4.33213.308
MinimumVisualStudioVersion = 10.0.40219.1
Project("{FAE04EC0-301F-11D3-BF4B-00C04F79EFBC}") = "TodoApi", "TodoApi\TodoApi.csproj", "{A0F3B3DE-109C-4F09-931A-176F22B13DC2}"
EndProject
Project("{2150E333-8FDC-42A3-9474-1A3956D46DE8}") = "Solution Items", "Solution Items", "{5F92D0F6-BB99-4CD0-93CD-A6FB8D2B0AF4}"
	ProjectSection(SolutionItems) = preProject
		.editorconfig = .editorconfig
	EndProjectSection
EndProject
Global
	GlobalSection(SolutionConfigurationPlatforms) = preSolution
		Debug|Any CPU = Debug|Any CPU
		Release|Any CPU = Release|Any CPU
	EndGlobalSection
	GlobalSection(ProjectConfigurationPlatforms) = postSolution
		{A0F3B3DE-109C-4F09-931A-176F22B13DC2}.Debug|Any CPU.ActiveCfg = Debug|Any CPU
		{A0F3B3DE-109C-4F09-931A-176F22B13DC2}.Debug|Any CPU.Build.0 = Debug|Any CPU
		{A0F3B3DE-109C-4F09-931A-176F22B13DC2}.Release|Any CPU.ActiveCfg = Release|Any CPU
		{A0F3B3DE-109C-4F09-931A-176F22B13DC2}.Release|Any CPU.Build.0 = Release|Any CPU
	EndGlobalSection
	GlobalSection(SolutionProperties) = preSolution
		HideSolutionNode = FALSE
	EndGlobalSection
	GlobalSection(ExtensibilityGlobals) = postSolution
		SolutionGuid = {D1802A0E-4225-4039-99AE-A0C17CD57A96}
	EndGlobalSection
EndGlobal
